{
  "name": "portfolio website HTML, CSS & JS_1 Starting Point",
  "lockfileVersion": 3,
  "requires": true,
  "packages": {
    "": {
      "dependencies": {
        "@coreui/icons": "^3.0.1",
        "@splidejs/splide": "^4.1.4"
      }
    },
    "node_modules/@coreui/icons": {
      "version": "3.0.1",
      "resolved": "https://registry.npmjs.org/@coreui/icons/-/icons-3.0.1.tgz",
      "integrity": "sha512-u9UKEcRMyY9pa4jUoLij8pAR03g5g6TLWV33/Mx2ix8sffyi0eO4fLV8DSTQljDCw938zt7KYog5cVKEAJUxxg=="
    },
    "node_modules/@splidejs/splide": {
      "version": "4.1.4",
      "resolved": "https://registry.npmjs.org/@splidejs/splide/-/splide-4.1.4.tgz",
      "integrity": "sha512-5I30evTJcAJQXt6vJ26g2xEkG+l1nXcpEw4xpKh0/FWQ8ozmAeTbtniVtVmz2sH1Es3vgfC4SS8B2X4o5JMptA=="
    }
  }
}
